// !$*UTF8*$!
{
	archiveVersion = 1;
	classes = {
	};
	objectVersion = 55;
	objects = {

/* Begin PBXBuildFile section */
		D055937E27E1D8EC001DF846 /* SwiftUICellsApp.swift in Sources */ = {isa = PBXBuildFile; fileRef = D055937D27E1D8EC001DF846 /* SwiftUICellsApp.swift */; };
		D055938027E1D8EC001DF846 /* ContentView.swift in Sources */ = {isa = PBXBuildFile; fileRef = D055937F27E1D8EC001DF846 /* ContentView.swift */; };
		D055938227E1D8EC001DF846 /* Assets.xcassets in Resources */ = {isa = PBXBuildFile; fileRef = D055938127E1D8EC001DF846 /* Assets.xcassets */; };
		D055938527E1D8EC001DF846 /* Preview Assets.xcassets in Resources */ = {isa = PBXBuildFile; fileRef = D055938427E1D8EC001DF846 /* Preview Assets.xcassets */; };
		D055938D27E1D9AF001DF846 /* UserRowView.swift in Sources */ = {isa = PBXBuildFile; fileRef = D055938C27E1D9AF001DF846 /* UserRowView.swift */; };
		D055938F27E1D9E7001DF846 /* GroupRowView.swift in Sources */ = {isa = PBXBuildFile; fileRef = D055938E27E1D9E7001DF846 /* GroupRowView.swift */; };
		D055939127E1DA0E001DF846 /* SomeTableView.swift in Sources */ = {isa = PBXBuildFile; fileRef = D055939027E1DA0E001DF846 /* SomeTableView.swift */; };
		D055939327E1DD73001DF846 /* BorderWithShadowModifier.swift in Sources */ = {isa = PBXBuildFile; fileRef = D055939227E1DD73001DF846 /* BorderWithShadowModifier.swift */; };
		D055939727E1DE64001DF846 /* ViewExtension.swift in Sources */ = {isa = PBXBuildFile; fileRef = D055939627E1DE64001DF846 /* ViewExtension.swift */; };
		D055939927E1E8C9001DF846 /* RoundedBackgroundModifier.swift in Sources */ = {isa = PBXBuildFile; fileRef = D055939827E1E8C9001DF846 /* RoundedBackgroundModifier.swift */; };
/* End PBXBuildFile section */

/* Begin PBXFileReference section */
		D055937A27E1D8EC001DF846 /* SwiftUICells.app */ = {isa = PBXFileReference; explicitFileType = wrapper.application; includeInIndex = 0; path = SwiftUICells.app; sourceTree = BUILT_PRODUCTS_DIR; };
		D055937D27E1D8EC001DF846 /* SwiftUICellsApp.swift */ = {isa = PBXFileReference; lastKnownFileType = sourcecode.swift; path = SwiftUICellsApp.swift; sourceTree = "<group>"; };
		D055937F27E1D8EC001DF846 /* ContentView.swift */ = {isa = PBXFileReference; lastKnownFileType = sourcecode.swift; path = ContentView.swift; sourceTree = "<group>"; };
		D055938127E1D8EC001DF846 /* Assets.xcassets */ = {isa = PBXFileReference; lastKnownFileType = folder.assetcatalog; path = Assets.xcassets; sourceTree = "<group>"; };
		D055938427E1D8EC001DF846 /* Preview Assets.xcassets */ = {isa = PBXFileReference; lastKnownFileType = folder.assetcatalog; path = "Preview Assets.xcassets"; sourceTree = "<group>"; };
		D055938C27E1D9AF001DF846 /* UserRowView.swift */ = {isa = PBXFileReference; lastKnownFileType = sourcecode.swift; path = UserRowView.swift; sourceTree = "<group>"; };
		D055938E27E1D9E7001DF846 /* GroupRowView.swift */ = {isa = PBXFileReference; lastKnownFileType = sourcecode.swift; path = GroupRowView.swift; sourceTree = "<group>"; };
		D055939027E1DA0E001DF846 /* SomeTableView.swift */ = {isa = PBXFileReference; lastKnownFileType = sourcecode.swift; path = SomeTableView.swift; sourceTree = "<group>"; };
		D055939227E1DD73001DF846 /* BorderWithShadowModifier.swift */ = {isa = PBXFileReference; lastKnownFileType = sourcecode.swift; path = BorderWithShadowModifier.swift; sourceTree = "<group>"; };
		D055939627E1DE64001DF846 /* ViewExtension.swift */ = {isa = PBXFileReference; lastKnownFileType = sourcecode.swift; path = ViewExtension.swift; sourceTree = "<group>"; };
		D055939827E1E8C9001DF846 /* RoundedBackgroundModifier.swift */ = {isa = PBXFileReference; lastKnownFileType = sourcecode.swift; path = RoundedBackgroundModifier.swift; sourceTree = "<group>"; };
/* End PBXFileReference section */

/* Begin PBXFrameworksBuildPhase section */
		D055937727E1D8EC001DF846 /* Frameworks */ = {
			isa = PBXFrameworksBuildPhase;
			buildActionMask = 2147483647;
			files = (
			);
			runOnlyForDeploymentPostprocessing = 0;
		};
/* End PBXFrameworksBuildPhase section */

/* Begin PBXGroup section */
		D055937127E1D8EC001DF846 = {
			isa = PBXGroup;
			children = (
				D055937C27E1D8EC001DF846 /* SwiftUICells */,
				D055937B27E1D8EC001DF846 /* Products */,
			);
			sourceTree = "<group>";
		};
		D055937B27E1D8EC001DF846 /* Products */ = {
			isa = PBXGroup;
			children = (
				D055937A27E1D8EC001DF846 /* SwiftUICells.app */,
			);
			name = Products;
			sourceTree = "<group>";
		};
		D055937C27E1D8EC001DF846 /* SwiftUICells */ = {
			isa = PBXGroup;
			children = (
				D055939527E1DE57001DF846 /* Extension */,
				D055938B27E1D996001DF846 /* View */,
				D055937D27E1D8EC001DF846 /* SwiftUICellsApp.swift */,
				D055937F27E1D8EC001DF846 /* ContentView.swift */,
				D055938127E1D8EC001DF846 /* Assets.xcassets */,
				D055938327E1D8EC001DF846 /* Preview Content */,
			);
			path = SwiftUICells;
			sourceTree = "<group>";
		};
		D055938327E1D8EC001DF846 /* Preview Content */ = {
			isa = PBXGroup;
			children = (
				D055938427E1D8EC001DF846 /* Preview Assets.xcassets */,
			);
			path = "Preview Content";
			sourceTree = "<group>";
		};
		D055938B27E1D996001DF846 /* View */ = {
			isa = PBXGroup;
			children = (
				D055939427E1DE2A001DF846 /* Modifier */,
				D055938C27E1D9AF001DF846 /* UserRowView.swift */,
				D055938E27E1D9E7001DF846 /* GroupRowView.swift */,
				D055939027E1DA0E001DF846 /* SomeTableView.swift */,
			);
			path = View;
			sourceTree = "<group>";
		};
		D055939427E1DE2A001DF846 /* Modifier */ = {
			isa = PBXGroup;
			children = (
				D055939227E1DD73001DF846 /* BorderWithShadowModifier.swift */,
				D055939827E1E8C9001DF846 /* RoundedBackgroundModifier.swift */,
			);
			path = Modifier;
			sourceTree = "<group>";
		};
		D055939527E1DE57001DF846 /* Extension */ = {
			isa = PBXGroup;
			children = (
				D055939627E1DE64001DF846 /* ViewExtension.swift */,
			);
			path = Extension;
			sourceTree = "<group>";
		};
/* End PBXGroup section */

/* Begin PBXNativeTarget section */
		D055937927E1D8EC001DF846 /* SwiftUICells */ = {
			isa = PBXNativeTarget;
			buildConfigurationList = D055938827E1D8EC001DF846 /* Build configuration list for PBXNativeTarget "SwiftUICells" */;
			buildPhases = (
				D055937627E1D8EC001DF846 /* Sources */,
				D055937727E1D8EC001DF846 /* Frameworks */,
				D055937827E1D8EC001DF846 /* Resources */,
			);
			buildRules = (
			);
			dependencies = (
			);
			name = SwiftUICells;
			productName = SwiftUICells;
			productReference = D055937A27E1D8EC001DF846 /* SwiftUICells.app */;
			productType = "com.apple.product-type.application";
		};
/* End PBXNativeTarget section */

/* Begin PBXProject section */
		D055937227E1D8EC001DF846 /* Project object */ = {
			isa = PBXProject;
			attributes = {
				BuildIndependentTargetsInParallel = 1;
				LastSwiftUpdateCheck = 1320;
				LastUpgradeCheck = 1320;
				TargetAttributes = {
					D055937927E1D8EC001DF846 = {
						CreatedOnToolsVersion = 13.2.1;
					};
				};
			};
			buildConfigurationList = D055937527E1D8EC001DF846 /* Build configuration list for PBXProject "SwiftUICells" */;
			compatibilityVersion = "Xcode 13.0";
			developmentRegion = en;
			hasScannedForEncodings = 0;
			knownRegions = (
				en,
				Base,
			);
			mainGroup = D055937127E1D8EC001DF846;
			productRefGroup = D055937B27E1D8EC001DF846 /* Products */;
			projectDirPath = "";
			projectRoot = "";
			targets = (
				D055937927E1D8EC001DF846 /* SwiftUICells */,
			);
		};
/* End PBXProject section */

/* Begin PBXResourcesBuildPhase section */
		D055937827E1D8EC001DF846 /* Resources */ = {
			isa = PBXResourcesBuildPhase;
			buildActionMask = 2147483647;
			files = (
				D055938527E1D8EC001DF846 /* Preview Assets.xcassets in Resources */,
				D055938227E1D8EC001DF846 /* Assets.xcassets in Resources */,
			);
			runOnlyForDeploymentPostprocessing = 0;
		};
/* End PBXResourcesBuildPhase section */

/* Begin PBXSourcesBuildPhase section */
		D055937627E1D8EC001DF846 /* Sources */ = {
			isa = PBXSourcesBuildPhase;
			buildActionMask = 2147483647;
			files = (
				D055938D27E1D9AF001DF846 /* UserRowView.swift in Sources */,
				D055938F27E1D9E7001DF846 /* GroupRowView.swift in Sources */,
				D055939927E1E8C9001DF846 /* RoundedBackgroundModifier.swift in Sources */,
				D055939327E1DD73001DF846 /* BorderWithShadowModifier.swift in Sources */,
				D055938027E1D8EC001DF846 /* ContentView.swift in Sources */,
				D055937E27E1D8EC001DF846 /* SwiftUICellsApp.swift in Sources */,
				D055939727E1DE64001DF846 /* ViewExtension.swift in Sources */,
				D055939127E1DA0E001DF846 /* SomeTableView.swift in Sources */,
			);
			runOnlyForDeploymentPostprocessing = 0;
		};
/* End PBXSourcesBuildPhase section */

/* Begin XCBuildConfiguration section */
		D055938627E1D8EC001DF846 /* Debug */ = {
			isa = XCBuildConfiguration;
			buildSettings = {
				ALWAYS_SEARCH_USER_PATHS = NO;
				CLANG_ANALYZER_NONNULL = YES;
				CLANG_ANALYZER_NUMBER_OBJECT_CONVERSION = YES_AGGRESSIVE;
				CLANG_CXX_LANGUAGE_STANDARD = "gnu++17";
				CLANG_CXX_LIBRARY = "libc++";
				CLANG_ENABLE_MODULES = YES;
				CLANG_ENABLE_OBJC_ARC = YES;
				CLANG_ENABLE_OBJC_WEAK = YES;
				CLANG_WARN_BLOCK_CAPTURE_AUTORELEASING = YES;
				CLANG_WARN_BOOL_CONVERSION = YES;
				CLANG_WARN_COMMA = YES;
				CLANG_WARN_CONSTANT_CONVERSION = YES;
				CLANG_WARN_DEPRECATED_OBJC_IMPLEMENTATIONS = YES;
				CLANG_WARN_DIRECT_OBJC_ISA_USAGE = YES_ERROR;
				CLANG_WARN_DOCUMENTATION_COMMENTS = YES;
				CLANG_WARN_EMPTY_BODY = YES;
				CLANG_WARN_ENUM_CONVERSION = YES;
				CLANG_WARN_INFINITE_RECURSION = YES;
				CLANG_WARN_INT_CONVERSION = YES;
				CLANG_WARN_NON_LITERAL_NULL_CONVERSION = YES;
				CLANG_WARN_OBJC_IMPLICIT_RETAIN_SELF = YES;
				CLANG_WARN_OBJC_LITERAL_CONVERSION = YES;
				CLANG_WARN_OBJC_ROOT_CLASS = YES_ERROR;
				CLANG_WARN_QUOTED_INCLUDE_IN_FRAMEWORK_HEADER = YES;
				CLANG_WARN_RANGE_LOOP_ANALYSIS = YES;
				CLANG_WARN_STRICT_PROTOTYPES = YES;
				CLANG_WARN_SUSPICIOUS_MOVE = YES;
				CLANG_WARN_UNGUARDED_AVAILABILITY = YES_AGGRESSIVE;
				CLANG_WARN_UNREACHABLE_CODE = YES;
				CLANG_WARN__DUPLICATE_METHOD_MATCH = YES;
				COPY_PHASE_STRIP = NO;
				DEBUG_INFORMATION_FORMAT = dwarf;
				ENABLE_STRICT_OBJC_MSGSEND = YES;
				ENABLE_TESTABILITY = YES;
				GCC_C_LANGUAGE_STANDARD = gnu11;
				GCC_DYNAMIC_NO_PIC = NO;
				GCC_NO_COMMON_BLOCKS = YES;
				GCC_OPTIMIZATION_LEVEL = 0;
				GCC_PREPROCESSOR_DEFINITIONS = (
					"DEBUG=1",
					"$(inherited)",
				);
				GCC_WARN_64_TO_32_BIT_CONVERSION = YES;
				GCC_WARN_ABOUT_RETURN_TYPE = YES_ERROR;
				GCC_WARN_UNDECLARED_SELECTOR = YES;
				GCC_WARN_UNINITIALIZED_AUTOS = YES_AGGRESSIVE;
				GCC_WARN_UNUSED_FUNCTION = YES;
				GCC_WARN_UNUSED_VARIABLE = YES;
				IPHONEOS_DEPLOYMENT_TARGET = 15.2;
				MTL_ENABLE_DEBUG_INFO = INCLUDE_SOURCE;
				MTL_FAST_MATH = YES;
				ONLY_ACTIVE_ARCH = YES;
				SDKROOT = iphoneos;
				SWIFT_ACTIVE_COMPILATION_CONDITIONS = DEBUG;
				SWIFT_OPTIMIZATION_LEVEL = "-Onone";
			};
			name = Debug;
		};
		D055938727E1D8EC001DF846 /* Release */ = {
			isa = XCBuildConfiguration;
			buildSettings = {
				ALWAYS_SEARCH_USER_PATHS = NO;
				CLANG_ANALYZER_NONNULL = YES;
				CLANG_ANALYZER_NUMBER_OBJECT_CONVERSION = YES_AGGRESSIVE;
				CLANG_CXX_LANGUAGE_STANDARD = "gnu++17";
				CLANG_CXX_LIBRARY = "libc++";
				CLANG_ENABLE_MODULES = YES;
				CLANG_ENABLE_OBJC_ARC = YES;
				CLANG_ENABLE_OBJC_WEAK = YES;
				CLANG_WARN_BLOCK_CAPTURE_AUTORELEASING = YES;
				CLANG_WARN_BOOL_CONVERSION = YES;
				CLANG_WARN_COMMA = YES;
				CLANG_WARN_CONSTANT_CONVERSION = YES;
				CLANG_WARN_DEPRECATED_OBJC_IMPLEMENTATIONS = YES;
				CLANG_WARN_DIRECT_OBJC_ISA_USAGE = YES_ERROR;
				CLANG_WARN_DOCUMENTATION_COMMENTS = YES;
				CLANG_WARN_EMPTY_BODY = YES;
				CLANG_WARN_ENUM_CONVERSION = YES;
				CLANG_WARN_INFINITE_RECURSION = YES;
				CLANG_WARN_INT_CONVERSION = YES;
				CLANG_WARN_NON_LITERAL_NULL_CONVERSION = YES;
				CLANG_WARN_OBJC_IMPLICIT_RETAIN_SELF = YES;
				CLANG_WARN_OBJC_LITERAL_CONVERSION = YES;
				CLANG_WARN_OBJC_ROOT_CLASS = YES_ERROR;
				CLANG_WARN_QUOTED_INCLUDE_IN_FRAMEWORK_HEADER = YES;
				CLANG_WARN_RANGE_LOOP_ANALYSIS = YES;
				CLANG_WARN_STRICT_PROTOTYPES = YES;
				CLANG_WARN_SUSPICIOUS_MOVE = YES;
				CLANG_WARN_UNGUARDED_AVAILABILITY = YES_AGGRESSIVE;
				CLANG_WARN_UNREACHABLE_CODE = YES;
				CLANG_WARN__DUPLICATE_METHOD_MATCH = YES;
				COPY_PHASE_STRIP = NO;
				DEBUG_INFORMATION_FORMAT = "dwarf-with-dsym";
				ENABLE_NS_ASSERTIONS = NO;
				ENABLE_STRICT_OBJC_MSGSEND = YES;
				GCC_C_LANGUAGE_STANDARD = gnu11;
				GCC_NO_COMMON_BLOCKS = YES;
				GCC_WARN_64_TO_32_BIT_CONVERSION = YES;
				GCC_WARN_ABOUT_RETURN_TYPE = YES_ERROR;
				GCC_WARN_UNDECLARED_SELECTOR = YES;
				GCC_WARN_UNINITIALIZED_AUTOS = YES_AGGRESSIVE;
				GCC_WARN_UNUSED_FUNCTION = YES;
				GCC_WARN_UNUSED_VARIABLE = YES;
				IPHONEOS_DEPLOYMENT_TARGET = 15.2;
				MTL_ENABLE_DEBUG_INFO = NO;
				MTL_FAST_MATH = YES;
				SDKROOT = iphoneos;
				SWIFT_COMPILATION_MODE = wholemodule;
				SWIFT_OPTIMIZATION_LEVEL = "-O";
				VALIDATE_PRODUCT = YES;
			};
			name = Release;
		};
		D055938927E1D8EC001DF846 /* Debug */ = {
			isa = XCBuildConfiguration;
			buildSettings = {
				ASSETCATALOG_COMPILER_APPICON_NAME = AppIcon;
				ASSETCATALOG_COMPILER_GLOBAL_ACCENT_COLOR_NAME = AccentColor;
				CODE_SIGN_STYLE = Automatic;
				CURRENT_PROJECT_VERSION = 1;
				DEVELOPMENT_ASSET_PATHS = "\"SwiftUICells/Preview Content\"";
				DEVELOPMENT_TEAM = LSA8V5M5Q4;
				ENABLE_PREVIEWS = YES;
				GENERATE_INFOPLIST_FILE = YES;
				INFOPLIST_KEY_UIApplicationSceneManifest_Generation = YES;
				INFOPLIST_KEY_UIApplicationSupportsIndirectInputEvents = YES;
				INFOPLIST_KEY_UILaunchScreen_Generation = YES;
				INFOPLIST_KEY_UISupportedInterfaceOrientations_iPad = "UIInterfaceOrientationPortrait UIInterfaceOrientationPortraitUpsideDown UIInterfaceOrientationLandscapeLeft UIInterfaceOrientationLandscapeRight";
				INFOPLIST_KEY_UISupportedInterfaceOrientations_iPhone = "UIInterfaceOrientationPortrait UIInterfaceOrientationLandscapeLeft UIInterfaceOrientationLandscapeRight";
				LD_RUNPATH_SEARCH_PATHS = (
					"$(inherited)",
					"@executable_path/Frameworks",
				);
				MARKETING_VERSION = 1.0;
				PRODUCT_BUNDLE_IDENTIFIER = "Denis-Sizov.SwiftUICells";
				PRODUCT_NAME = "$(TARGET_NAME)";
				SWIFT_EMIT_LOC_STRINGS = YES;
				SWIFT_VERSION = 5.0;
				TARGETED_DEVICE_FAMILY = "1,2";
			};
			name = Debug;
		};
		D055938A27E1D8EC001DF846 /* Release */ = {
			isa = XCBuildConfiguration;
			buildSettings = {
				ASSETCATALOG_COMPILER_APPICON_NAME = AppIcon;
				ASSETCATALOG_COMPILER_GLOBAL_ACCENT_COLOR_NAME = AccentColor;
				CODE_SIGN_STYLE = Automatic;
				CURRENT_PROJECT_VERSION = 1;
				DEVELOPMENT_ASSET_PATHS = "\"SwiftUICells/Preview Content\"";
				DEVELOPMENT_TEAM = LSA8V5M5Q4;
				ENABLE_PREVIEWS = YES;
				GENERATE_INFOPLIST_FILE = YES;
				INFOPLIST_KEY_UIApplicationSceneManifest_Generation = YES;
				INFOPLIST_KEY_UIApplicationSupportsIndirectInputEvents = YES;
				INFOPLIST_KEY_UILaunchScreen_Generation = YES;
				INFOPLIST_KEY_UISupportedInterfaceOrientations_iPad = "UIInterfaceOrientationPortrait UIInterfaceOrientationPortraitUpsideDown UIInterfaceOrientationLandscapeLeft UIInterfaceOrientationLandscapeRight";
				INFOPLIST_KEY_UISupportedInterfaceOrientations_iPhone = "UIInterfaceOrientationPortrait UIInterfaceOrientationLandscapeLeft UIInterfaceOrientationLandscapeRight";
				LD_RUNPATH_SEARCH_PATHS = (
					"$(inherited)",
					"@executable_path/Frameworks",
				);
				MARKETING_VERSION = 1.0;
				PRODUCT_BUNDLE_IDENTIFIER = "Denis-Sizov.SwiftUICells";
				PRODUCT_NAME = "$(TARGET_NAME)";
				SWIFT_EMIT_LOC_STRINGS = YES;
				SWIFT_VERSION = 5.0;
				TARGETED_DEVICE_FAMILY = "1,2";
			};
			name = Release;
		};
/* End XCBuildConfiguration section */

/* Begin XCConfigurationList section */
		D055937527E1D8EC001DF846 /* Build configuration list for PBXProject "SwiftUICells" */ = {
			isa = XCConfigurationList;
			buildConfigurations = (
				D055938627E1D8EC001DF846 /* Debug */,
				D055938727E1D8EC001DF846 /* Release */,
			);
			defaultConfigurationIsVisible = 0;
			defaultConfigurationName = Release;
		};
		D055938827E1D8EC001DF846 /* Build configuration list for PBXNativeTarget "SwiftUICells" */ = {
			isa = XCConfigurationList;
			buildConfigurations = (
				D055938927E1D8EC001DF846 /* Debug */,
				D055938A27E1D8EC001DF846 /* Release */,
			);
			defaultConfigurationIsVisible = 0;
			defaultConfigurationName = Release;
		};
/* End XCConfigurationList section */
	};
	rootObject = D055937227E1D8EC001DF846 /* Project object */;
}
